{
  "name": "markdownlint-rule-search-replace",
  "version": "1.0.0",
  "lockfileVersion": 2,
  "requires": true,
  "packages": {
    "": {
      "name": "markdownlint-rule-search-replace",
      "version": "1.0.0",
      "license": "MIT",
      "dependencies": {
        "markdownlint-rule-helpers": "^0.16.0"
      }
    },
    "node_modules/markdownlint-rule-helpers": {
      "version": "0.16.0",
      "resolved": "https://registry.npmjs.org/markdownlint-rule-helpers/-/markdownlint-rule-helpers-0.16.0.tgz",
      "integrity": "sha512-oEacRUVeTJ5D5hW1UYd2qExYI0oELdYK72k1TKGvIeYJIbqQWAz476NAc7LNixSySUhcNl++d02DvX0ccDk9/w=="
    }
  },
  "dependencies": {
    "markdownlint-rule-helpers": {
      "version": "0.16.0",
      "resolved": "https://registry.npmjs.org/markdownlint-rule-helpers/-/markdownlint-rule-helpers-0.16.0.tgz",
      "integrity": "sha512-oEacRUVeTJ5D5hW1UYd2qExYI0oELdYK72k1TKGvIeYJIbqQWAz476NAc7LNixSySUhcNl++d02DvX0ccDk9/w=="
    }
  }
}
